// !$*UTF8*$!
{
	archiveVersion = 1;
	classes = {
	};
	objectVersion = 56;
	objects = {

/* Begin PBXBuildFile section */
		280CB5ED2A676DC700A0019C /* Alamofire in Frameworks */ = {isa = PBXBuildFile; productRef = 280CB5EC2A676DC700A0019C /* Alamofire */; };
		280CB5EF2A679C9200A0019C /* SectionWeatherData.swift in Sources */ = {isa = PBXBuildFile; fileRef = 280CB5EE2A679C9200A0019C /* SectionWeatherData.swift */; };
		280CB5F32A67DF3C00A0019C /* DisplayWeatherData.swift in Sources */ = {isa = PBXBuildFile; fileRef = 280CB5F22A67DF3C00A0019C /* DisplayWeatherData.swift */; };
		28302C982A5648C9001FAD42 /* HomeViewController.swift in Sources */ = {isa = PBXBuildFile; fileRef = 28302C962A5648C9001FAD42 /* HomeViewController.swift */; };
		28302C992A5648C9001FAD42 /* HomeViewController.xib in Resources */ = {isa = PBXBuildFile; fileRef = 28302C972A5648C9001FAD42 /* HomeViewController.xib */; };
		28302C9C2A5648FC001FAD42 /* DetailViewController.swift in Sources */ = {isa = PBXBuildFile; fileRef = 28302C9A2A5648FC001FAD42 /* DetailViewController.swift */; };
		28302C9D2A5648FC001FAD42 /* DetailViewController.xib in Resources */ = {isa = PBXBuildFile; fileRef = 28302C9B2A5648FC001FAD42 /* DetailViewController.xib */; };
		28302CA02A56491D001FAD42 /* SelectViewController.swift in Sources */ = {isa = PBXBuildFile; fileRef = 28302C9E2A56491D001FAD42 /* SelectViewController.swift */; };
		28302CA12A56491D001FAD42 /* SelectViewController.xib in Resources */ = {isa = PBXBuildFile; fileRef = 28302C9F2A56491D001FAD42 /* SelectViewController.xib */; };
		28302CAF2A565F52001FAD42 /* SplashViewContorller.swift in Sources */ = {isa = PBXBuildFile; fileRef = 28302CAD2A565F52001FAD42 /* SplashViewContorller.swift */; };
		28302CB02A565F52001FAD42 /* SplashViewContorller.xib in Resources */ = {isa = PBXBuildFile; fileRef = 28302CAE2A565F52001FAD42 /* SplashViewContorller.xib */; };
		28302CBB2A568292001FAD42 /* SelectTableViewCell.swift in Sources */ = {isa = PBXBuildFile; fileRef = 28302CB92A568292001FAD42 /* SelectTableViewCell.swift */; };
		28302CBC2A568292001FAD42 /* SelectTableViewCell.xib in Resources */ = {isa = PBXBuildFile; fileRef = 28302CBA2A568292001FAD42 /* SelectTableViewCell.xib */; };
		28302CBF2A568A14001FAD42 /* DetailTableViewCell.swift in Sources */ = {isa = PBXBuildFile; fileRef = 28302CBD2A568A14001FAD42 /* DetailTableViewCell.swift */; };
		28302CC02A568A14001FAD42 /* DetailTableViewCell.xib in Resources */ = {isa = PBXBuildFile; fileRef = 28302CBE2A568A14001FAD42 /* DetailTableViewCell.xib */; };
		28432C5D2A562B0A00C9A12E /* AppDelegate.swift in Sources */ = {isa = PBXBuildFile; fileRef = 28432C5C2A562B0A00C9A12E /* AppDelegate.swift */; };
		28432C5F2A562B0A00C9A12E /* SceneDelegate.swift in Sources */ = {isa = PBXBuildFile; fileRef = 28432C5E2A562B0A00C9A12E /* SceneDelegate.swift */; };
		28432C662A562B0B00C9A12E /* Assets.xcassets in Resources */ = {isa = PBXBuildFile; fileRef = 28432C652A562B0B00C9A12E /* Assets.xcassets */; };
		28432C742A562B0B00C9A12E /* WeatherApp_MVVMTests.swift in Sources */ = {isa = PBXBuildFile; fileRef = 28432C732A562B0B00C9A12E /* WeatherApp_MVVMTests.swift */; };
		28432C7E2A562B0B00C9A12E /* WeatherApp_MVVMUITests.swift in Sources */ = {isa = PBXBuildFile; fileRef = 28432C7D2A562B0B00C9A12E /* WeatherApp_MVVMUITests.swift */; };
		28432C802A562B0B00C9A12E /* WeatherApp_MVVMUITestsLaunchTests.swift in Sources */ = {isa = PBXBuildFile; fileRef = 28432C7F2A562B0B00C9A12E /* WeatherApp_MVVMUITestsLaunchTests.swift */; };
		28B1068B2A68272200E2166B /* AlamofireImage in Frameworks */ = {isa = PBXBuildFile; productRef = 28B1068A2A68272200E2166B /* AlamofireImage */; };
		28B106982A6A26D500E2166B /* DGCharts in Frameworks */ = {isa = PBXBuildFile; productRef = 28B106972A6A26D500E2166B /* DGCharts */; };
		28B1069B2A6A427800E2166B /* TimeIntervarExt.swift in Sources */ = {isa = PBXBuildFile; fileRef = 28B1069A2A6A427800E2166B /* TimeIntervarExt.swift */; };
		28B1069D2A6A42CE00E2166B /* ReactiveExt.swift in Sources */ = {isa = PBXBuildFile; fileRef = 28B1069C2A6A42CE00E2166B /* ReactiveExt.swift */; };
		28BB07412A601B670026AD24 /* RxDataSources in Frameworks */ = {isa = PBXBuildFile; productRef = 28BB07402A601B670026AD24 /* RxDataSources */; };
		28C28D502A5EAE16000F5B41 /* DetailViewModel.swift in Sources */ = {isa = PBXBuildFile; fileRef = 28C28D4F2A5EAE16000F5B41 /* DetailViewModel.swift */; };
		28C780B42A57976300A69B02 /* RxCocoa in Frameworks */ = {isa = PBXBuildFile; productRef = 28C780B32A57976300A69B02 /* RxCocoa */; };
		28C780B62A57976300A69B02 /* RxRelay in Frameworks */ = {isa = PBXBuildFile; productRef = 28C780B52A57976300A69B02 /* RxRelay */; };
		28C780B82A57976300A69B02 /* RxSwift in Frameworks */ = {isa = PBXBuildFile; productRef = 28C780B72A57976300A69B02 /* RxSwift */; };
		28C780BA2A57CD6400A69B02 /* WeatherData.swift in Sources */ = {isa = PBXBuildFile; fileRef = 28C780B92A57CD6400A69B02 /* WeatherData.swift */; };
		28CC00EE2A5F7DA500EA1C3B /* APICaller.swift in Sources */ = {isa = PBXBuildFile; fileRef = 28CC00ED2A5F7DA500EA1C3B /* APICaller.swift */; };
		28CC00F02A5F901700EA1C3B /* SelectViewModel.swift in Sources */ = {isa = PBXBuildFile; fileRef = 28CC00EF2A5F901700EA1C3B /* SelectViewModel.swift */; };
		28D0DF6D2A60DFF400139746 /* HomeViewModel.swift in Sources */ = {isa = PBXBuildFile; fileRef = 28D0DF6C2A60DFF400139746 /* HomeViewModel.swift */; };
		28D0DF702A60ECBD00139746 /* RxCoreLocation in Frameworks */ = {isa = PBXBuildFile; productRef = 28D0DF6F2A60ECBD00139746 /* RxCoreLocation */; };
/* End PBXBuildFile section */

/* Begin PBXContainerItemProxy section */
		28432C702A562B0B00C9A12E /* PBXContainerItemProxy */ = {
			isa = PBXContainerItemProxy;
			containerPortal = 28432C512A562B0A00C9A12E /* Project object */;
			proxyType = 1;
			remoteGlobalIDString = 28432C582A562B0A00C9A12E;
			remoteInfo = "WeatherApp-MVVM";
		};
		28432C7A2A562B0B00C9A12E /* PBXContainerItemProxy */ = {
			isa = PBXContainerItemProxy;
			containerPortal = 28432C512A562B0A00C9A12E /* Project object */;
			proxyType = 1;
			remoteGlobalIDString = 28432C582A562B0A00C9A12E;
			remoteInfo = "WeatherApp-MVVM";
		};
/* End PBXContainerItemProxy section */

/* Begin PBXFileReference section */
		280CB5EE2A679C9200A0019C /* SectionWeatherData.swift */ = {isa = PBXFileReference; lastKnownFileType = sourcecode.swift; path = SectionWeatherData.swift; sourceTree = "<group>"; };
		280CB5F22A67DF3C00A0019C /* DisplayWeatherData.swift */ = {isa = PBXFileReference; lastKnownFileType = sourcecode.swift; path = DisplayWeatherData.swift; sourceTree = "<group>"; };
		28302C962A5648C9001FAD42 /* HomeViewController.swift */ = {isa = PBXFileReference; lastKnownFileType = sourcecode.swift; path = HomeViewController.swift; sourceTree = "<group>"; };
		28302C972A5648C9001FAD42 /* HomeViewController.xib */ = {isa = PBXFileReference; lastKnownFileType = file.xib; path = HomeViewController.xib; sourceTree = "<group>"; };
		28302C9A2A5648FC001FAD42 /* DetailViewController.swift */ = {isa = PBXFileReference; lastKnownFileType = sourcecode.swift; path = DetailViewController.swift; sourceTree = "<group>"; };
		28302C9B2A5648FC001FAD42 /* DetailViewController.xib */ = {isa = PBXFileReference; lastKnownFileType = file.xib; path = DetailViewController.xib; sourceTree = "<group>"; };
		28302C9E2A56491D001FAD42 /* SelectViewController.swift */ = {isa = PBXFileReference; lastKnownFileType = sourcecode.swift; path = SelectViewController.swift; sourceTree = "<group>"; };
		28302C9F2A56491D001FAD42 /* SelectViewController.xib */ = {isa = PBXFileReference; lastKnownFileType = file.xib; path = SelectViewController.xib; sourceTree = "<group>"; };
		28302CAD2A565F52001FAD42 /* SplashViewContorller.swift */ = {isa = PBXFileReference; lastKnownFileType = sourcecode.swift; path = SplashViewContorller.swift; sourceTree = "<group>"; };
		28302CAE2A565F52001FAD42 /* SplashViewContorller.xib */ = {isa = PBXFileReference; lastKnownFileType = file.xib; path = SplashViewContorller.xib; sourceTree = "<group>"; };
		28302CB92A568292001FAD42 /* SelectTableViewCell.swift */ = {isa = PBXFileReference; lastKnownFileType = sourcecode.swift; path = SelectTableViewCell.swift; sourceTree = "<group>"; };
		28302CBA2A568292001FAD42 /* SelectTableViewCell.xib */ = {isa = PBXFileReference; lastKnownFileType = file.xib; path = SelectTableViewCell.xib; sourceTree = "<group>"; };
		28302CBD2A568A14001FAD42 /* DetailTableViewCell.swift */ = {isa = PBXFileReference; lastKnownFileType = sourcecode.swift; path = DetailTableViewCell.swift; sourceTree = "<group>"; };
		28302CBE2A568A14001FAD42 /* DetailTableViewCell.xib */ = {isa = PBXFileReference; lastKnownFileType = file.xib; path = DetailTableViewCell.xib; sourceTree = "<group>"; };
		28432C592A562B0A00C9A12E /* WeatherApp-MVVM.app */ = {isa = PBXFileReference; explicitFileType = wrapper.application; includeInIndex = 0; path = "WeatherApp-MVVM.app"; sourceTree = BUILT_PRODUCTS_DIR; };
		28432C5C2A562B0A00C9A12E /* AppDelegate.swift */ = {isa = PBXFileReference; lastKnownFileType = sourcecode.swift; path = AppDelegate.swift; sourceTree = "<group>"; };
		28432C5E2A562B0A00C9A12E /* SceneDelegate.swift */ = {isa = PBXFileReference; lastKnownFileType = sourcecode.swift; path = SceneDelegate.swift; sourceTree = "<group>"; };
		28432C652A562B0B00C9A12E /* Assets.xcassets */ = {isa = PBXFileReference; lastKnownFileType = folder.assetcatalog; path = Assets.xcassets; sourceTree = "<group>"; };
		28432C6A2A562B0B00C9A12E /* Info.plist */ = {isa = PBXFileReference; lastKnownFileType = text.plist.xml; path = Info.plist; sourceTree = "<group>"; };
		28432C6F2A562B0B00C9A12E /* WeatherApp-MVVMTests.xctest */ = {isa = PBXFileReference; explicitFileType = wrapper.cfbundle; includeInIndex = 0; path = "WeatherApp-MVVMTests.xctest"; sourceTree = BUILT_PRODUCTS_DIR; };
		28432C732A562B0B00C9A12E /* WeatherApp_MVVMTests.swift */ = {isa = PBXFileReference; lastKnownFileType = sourcecode.swift; path = WeatherApp_MVVMTests.swift; sourceTree = "<group>"; };
		28432C792A562B0B00C9A12E /* WeatherApp-MVVMUITests.xctest */ = {isa = PBXFileReference; explicitFileType = wrapper.cfbundle; includeInIndex = 0; path = "WeatherApp-MVVMUITests.xctest"; sourceTree = BUILT_PRODUCTS_DIR; };
		28432C7D2A562B0B00C9A12E /* WeatherApp_MVVMUITests.swift */ = {isa = PBXFileReference; lastKnownFileType = sourcecode.swift; path = WeatherApp_MVVMUITests.swift; sourceTree = "<group>"; };
		28432C7F2A562B0B00C9A12E /* WeatherApp_MVVMUITestsLaunchTests.swift */ = {isa = PBXFileReference; lastKnownFileType = sourcecode.swift; path = WeatherApp_MVVMUITestsLaunchTests.swift; sourceTree = "<group>"; };
		28B1069A2A6A427800E2166B /* TimeIntervarExt.swift */ = {isa = PBXFileReference; lastKnownFileType = sourcecode.swift; path = TimeIntervarExt.swift; sourceTree = "<group>"; };
		28B1069C2A6A42CE00E2166B /* ReactiveExt.swift */ = {isa = PBXFileReference; lastKnownFileType = sourcecode.swift; path = ReactiveExt.swift; sourceTree = "<group>"; };
		28C28D4F2A5EAE16000F5B41 /* DetailViewModel.swift */ = {isa = PBXFileReference; lastKnownFileType = sourcecode.swift; path = DetailViewModel.swift; sourceTree = "<group>"; };
		28C780B92A57CD6400A69B02 /* WeatherData.swift */ = {isa = PBXFileReference; lastKnownFileType = sourcecode.swift; path = WeatherData.swift; sourceTree = "<group>"; };
		28CC00ED2A5F7DA500EA1C3B /* APICaller.swift */ = {isa = PBXFileReference; lastKnownFileType = sourcecode.swift; path = APICaller.swift; sourceTree = "<group>"; };
		28CC00EF2A5F901700EA1C3B /* SelectViewModel.swift */ = {isa = PBXFileReference; lastKnownFileType = sourcecode.swift; path = SelectViewModel.swift; sourceTree = "<group>"; };
		28D0DF6C2A60DFF400139746 /* HomeViewModel.swift */ = {isa = PBXFileReference; lastKnownFileType = sourcecode.swift; path = HomeViewModel.swift; sourceTree = "<group>"; };
/* End PBXFileReference section */

/* Begin PBXFrameworksBuildPhase section */
		28432C562A562B0A00C9A12E /* Frameworks */ = {
			isa = PBXFrameworksBuildPhase;
			buildActionMask = 2147483647;
			files = (
				28B106982A6A26D500E2166B /* DGCharts in Frameworks */,
				28C780B82A57976300A69B02 /* RxSwift in Frameworks */,
				28BB07412A601B670026AD24 /* RxDataSources in Frameworks */,
				28D0DF702A60ECBD00139746 /* RxCoreLocation in Frameworks */,
				280CB5ED2A676DC700A0019C /* Alamofire in Frameworks */,
				28C780B62A57976300A69B02 /* RxRelay in Frameworks */,
				28C780B42A57976300A69B02 /* RxCocoa in Frameworks */,
				28B1068B2A68272200E2166B /* AlamofireImage in Frameworks */,
			);
			runOnlyForDeploymentPostprocessing = 0;
		};
		28432C6C2A562B0B00C9A12E /* Frameworks */ = {
			isa = PBXFrameworksBuildPhase;
			buildActionMask = 2147483647;
			files = (
			);
			runOnlyForDeploymentPostprocessing = 0;
		};
		28432C762A562B0B00C9A12E /* Frameworks */ = {
			isa = PBXFrameworksBuildPhase;
			buildActionMask = 2147483647;
			files = (
			);
			runOnlyForDeploymentPostprocessing = 0;
		};
/* End PBXFrameworksBuildPhase section */

/* Begin PBXGroup section */
		28302CAA2A565BCA001FAD42 /* Models */ = {
			isa = PBXGroup;
			children = (
				28C780B92A57CD6400A69B02 /* WeatherData.swift */,
				280CB5EE2A679C9200A0019C /* SectionWeatherData.swift */,
				280CB5F22A67DF3C00A0019C /* DisplayWeatherData.swift */,
				28CC00ED2A5F7DA500EA1C3B /* APICaller.swift */,
			);
			path = Models;
			sourceTree = "<group>";
		};
		28302CAB2A565BD4001FAD42 /* Views */ = {
			isa = PBXGroup;
			children = (
				28302CB42A565FD9001FAD42 /* Splash */,
				28302CB32A565F95001FAD42 /* Home */,
				28302CB22A565F83001FAD42 /* Select */,
			);
			path = Views;
			sourceTree = "<group>";
		};
		28302CAC2A565BEE001FAD42 /* ViewModels */ = {
			isa = PBXGroup;
			children = (
				28D0DF6C2A60DFF400139746 /* HomeViewModel.swift */,
				28C28D4F2A5EAE16000F5B41 /* DetailViewModel.swift */,
				28CC00EF2A5F901700EA1C3B /* SelectViewModel.swift */,
			);
			path = ViewModels;
			sourceTree = "<group>";
		};
		28302CB12A565F78001FAD42 /* Detail */ = {
			isa = PBXGroup;
			children = (
				28302C9A2A5648FC001FAD42 /* DetailViewController.swift */,
				28302C9B2A5648FC001FAD42 /* DetailViewController.xib */,
				28302CBD2A568A14001FAD42 /* DetailTableViewCell.swift */,
				28302CBE2A568A14001FAD42 /* DetailTableViewCell.xib */,
			);
			path = Detail;
			sourceTree = "<group>";
		};
		28302CB22A565F83001FAD42 /* Select */ = {
			isa = PBXGroup;
			children = (
				28302C9E2A56491D001FAD42 /* SelectViewController.swift */,
				28302C9F2A56491D001FAD42 /* SelectViewController.xib */,
				28302CB92A568292001FAD42 /* SelectTableViewCell.swift */,
				28302CBA2A568292001FAD42 /* SelectTableViewCell.xib */,
				28302CB12A565F78001FAD42 /* Detail */,
			);
			path = Select;
			sourceTree = "<group>";
		};
		28302CB32A565F95001FAD42 /* Home */ = {
			isa = PBXGroup;
			children = (
				28302C962A5648C9001FAD42 /* HomeViewController.swift */,
				28302C972A5648C9001FAD42 /* HomeViewController.xib */,
			);
			path = Home;
			sourceTree = "<group>";
		};
		28302CB42A565FD9001FAD42 /* Splash */ = {
			isa = PBXGroup;
			children = (
				28302CAD2A565F52001FAD42 /* SplashViewContorller.swift */,
				28302CAE2A565F52001FAD42 /* SplashViewContorller.xib */,
			);
			path = Splash;
			sourceTree = "<group>";
		};
		28432C502A562B0A00C9A12E = {
			isa = PBXGroup;
			children = (
				28432C5B2A562B0A00C9A12E /* WeatherApp-MVVM */,
				28432C722A562B0B00C9A12E /* WeatherApp-MVVMTests */,
				28432C7C2A562B0B00C9A12E /* WeatherApp-MVVMUITests */,
				28432C5A2A562B0A00C9A12E /* Products */,
			);
			sourceTree = "<group>";
		};
		28432C5A2A562B0A00C9A12E /* Products */ = {
			isa = PBXGroup;
			children = (
				28432C592A562B0A00C9A12E /* WeatherApp-MVVM.app */,
				28432C6F2A562B0B00C9A12E /* WeatherApp-MVVMTests.xctest */,
				28432C792A562B0B00C9A12E /* WeatherApp-MVVMUITests.xctest */,
			);
			name = Products;
			sourceTree = "<group>";
		};
		28432C5B2A562B0A00C9A12E /* WeatherApp-MVVM */ = {
			isa = PBXGroup;
			children = (
				28B106992A6A425700E2166B /* Extension */,
				28302CAC2A565BEE001FAD42 /* ViewModels */,
				28302CAB2A565BD4001FAD42 /* Views */,
				28302CAA2A565BCA001FAD42 /* Models */,
				28432C5C2A562B0A00C9A12E /* AppDelegate.swift */,
				28432C5E2A562B0A00C9A12E /* SceneDelegate.swift */,
				28432C652A562B0B00C9A12E /* Assets.xcassets */,
				28432C6A2A562B0B00C9A12E /* Info.plist */,
			);
			path = "WeatherApp-MVVM";
			sourceTree = "<group>";
		};
		28432C722A562B0B00C9A12E /* WeatherApp-MVVMTests */ = {
			isa = PBXGroup;
			children = (
				28432C732A562B0B00C9A12E /* WeatherApp_MVVMTests.swift */,
			);
			path = "WeatherApp-MVVMTests";
			sourceTree = "<group>";
		};
		28432C7C2A562B0B00C9A12E /* WeatherApp-MVVMUITests */ = {
			isa = PBXGroup;
			children = (
				28432C7D2A562B0B00C9A12E /* WeatherApp_MVVMUITests.swift */,
				28432C7F2A562B0B00C9A12E /* WeatherApp_MVVMUITestsLaunchTests.swift */,
			);
			path = "WeatherApp-MVVMUITests";
			sourceTree = "<group>";
		};
		28B106992A6A425700E2166B /* Extension */ = {
			isa = PBXGroup;
			children = (
				28B1069A2A6A427800E2166B /* TimeIntervarExt.swift */,
				28B1069C2A6A42CE00E2166B /* ReactiveExt.swift */,
			);
			path = Extension;
			sourceTree = "<group>";
		};
/* End PBXGroup section */

/* Begin PBXNativeTarget section */
		28432C582A562B0A00C9A12E /* WeatherApp-MVVM */ = {
			isa = PBXNativeTarget;
			buildConfigurationList = 28432C832A562B0B00C9A12E /* Build configuration list for PBXNativeTarget "WeatherApp-MVVM" */;
			buildPhases = (
				28432C552A562B0A00C9A12E /* Sources */,
				28432C562A562B0A00C9A12E /* Frameworks */,
				28432C572A562B0A00C9A12E /* Resources */,
			);
			buildRules = (
			);
			dependencies = (
			);
			name = "WeatherApp-MVVM";
			packageProductDependencies = (
				28C780B32A57976300A69B02 /* RxCocoa */,
				28C780B52A57976300A69B02 /* RxRelay */,
				28C780B72A57976300A69B02 /* RxSwift */,
				28BB07402A601B670026AD24 /* RxDataSources */,
				28D0DF6F2A60ECBD00139746 /* RxCoreLocation */,
				280CB5EC2A676DC700A0019C /* Alamofire */,
				28B1068A2A68272200E2166B /* AlamofireImage */,
				28B106972A6A26D500E2166B /* DGCharts */,
			);
			productName = "WeatherApp-MVVM";
			productReference = 28432C592A562B0A00C9A12E /* WeatherApp-MVVM.app */;
			productType = "com.apple.product-type.application";
		};
		28432C6E2A562B0B00C9A12E /* WeatherApp-MVVMTests */ = {
			isa = PBXNativeTarget;
			buildConfigurationList = 28432C862A562B0B00C9A12E /* Build configuration list for PBXNativeTarget "WeatherApp-MVVMTests" */;
			buildPhases = (
				28432C6B2A562B0B00C9A12E /* Sources */,
				28432C6C2A562B0B00C9A12E /* Frameworks */,
				28432C6D2A562B0B00C9A12E /* Resources */,
			);
			buildRules = (
			);
			dependencies = (
				28432C712A562B0B00C9A12E /* PBXTargetDependency */,
			);
			name = "WeatherApp-MVVMTests";
			productName = "WeatherApp-MVVMTests";
			productReference = 28432C6F2A562B0B00C9A12E /* WeatherApp-MVVMTests.xctest */;
			productType = "com.apple.product-type.bundle.unit-test";
		};
		28432C782A562B0B00C9A12E /* WeatherApp-MVVMUITests */ = {
			isa = PBXNativeTarget;
			buildConfigurationList = 28432C892A562B0B00C9A12E /* Build configuration list for PBXNativeTarget "WeatherApp-MVVMUITests" */;
			buildPhases = (
				28432C752A562B0B00C9A12E /* Sources */,
				28432C762A562B0B00C9A12E /* Frameworks */,
				28432C772A562B0B00C9A12E /* Resources */,
			);
			buildRules = (
			);
			dependencies = (
				28432C7B2A562B0B00C9A12E /* PBXTargetDependency */,
			);
			name = "WeatherApp-MVVMUITests";
			productName = "WeatherApp-MVVMUITests";
			productReference = 28432C792A562B0B00C9A12E /* WeatherApp-MVVMUITests.xctest */;
			productType = "com.apple.product-type.bundle.ui-testing";
		};
/* End PBXNativeTarget section */

/* Begin PBXProject section */
		28432C512A562B0A00C9A12E /* Project object */ = {
			isa = PBXProject;
			attributes = {
				BuildIndependentTargetsInParallel = 1;
				LastSwiftUpdateCheck = 1430;
				LastUpgradeCheck = 1430;
				TargetAttributes = {
					28432C582A562B0A00C9A12E = {
						CreatedOnToolsVersion = 14.3;
					};
					28432C6E2A562B0B00C9A12E = {
						CreatedOnToolsVersion = 14.3;
						TestTargetID = 28432C582A562B0A00C9A12E;
					};
					28432C782A562B0B00C9A12E = {
						CreatedOnToolsVersion = 14.3;
						TestTargetID = 28432C582A562B0A00C9A12E;
					};
				};
			};
			buildConfigurationList = 28432C542A562B0A00C9A12E /* Build configuration list for PBXProject "WeatherApp-MVVM" */;
			compatibilityVersion = "Xcode 14.0";
			developmentRegion = en;
			hasScannedForEncodings = 0;
			knownRegions = (
				en,
				Base,
			);
			mainGroup = 28432C502A562B0A00C9A12E;
			packageReferences = (
				28C780B22A57976300A69B02 /* XCRemoteSwiftPackageReference "RxSwift" */,
				28BB073F2A601B670026AD24 /* XCRemoteSwiftPackageReference "RxDataSources" */,
				28D0DF6E2A60ECBD00139746 /* XCRemoteSwiftPackageReference "RxCoreLocation" */,
				280CB5EB2A676DC700A0019C /* XCRemoteSwiftPackageReference "Alamofire" */,
				28B106892A68272200E2166B /* XCRemoteSwiftPackageReference "AlamofireImage" */,
				28B106962A6A26D500E2166B /* XCRemoteSwiftPackageReference "Charts" */,
			);
			productRefGroup = 28432C5A2A562B0A00C9A12E /* Products */;
			projectDirPath = "";
			projectRoot = "";
			targets = (
				28432C582A562B0A00C9A12E /* WeatherApp-MVVM */,
				28432C6E2A562B0B00C9A12E /* WeatherApp-MVVMTests */,
				28432C782A562B0B00C9A12E /* WeatherApp-MVVMUITests */,
			);
		};
/* End PBXProject section */

/* Begin PBXResourcesBuildPhase section */
		28432C572A562B0A00C9A12E /* Resources */ = {
			isa = PBXResourcesBuildPhase;
			buildActionMask = 2147483647;
			files = (
				28432C662A562B0B00C9A12E /* Assets.xcassets in Resources */,
				28302C9D2A5648FC001FAD42 /* DetailViewController.xib in Resources */,
				28302CB02A565F52001FAD42 /* SplashViewContorller.xib in Resources */,
				28302CA12A56491D001FAD42 /* SelectViewController.xib in Resources */,
				28302C992A5648C9001FAD42 /* HomeViewController.xib in Resources */,
				28302CC02A568A14001FAD42 /* DetailTableViewCell.xib in Resources */,
				28302CBC2A568292001FAD42 /* SelectTableViewCell.xib in Resources */,
			);
			runOnlyForDeploymentPostprocessing = 0;
		};
		28432C6D2A562B0B00C9A12E /* Resources */ = {
			isa = PBXResourcesBuildPhase;
			buildActionMask = 2147483647;
			files = (
			);
			runOnlyForDeploymentPostprocessing = 0;
		};
		28432C772A562B0B00C9A12E /* Resources */ = {
			isa = PBXResourcesBuildPhase;
			buildActionMask = 2147483647;
			files = (
			);
			runOnlyForDeploymentPostprocessing = 0;
		};
/* End PBXResourcesBuildPhase section */

/* Begin PBXSourcesBuildPhase section */
		28432C552A562B0A00C9A12E /* Sources */ = {
			isa = PBXSourcesBuildPhase;
			buildActionMask = 2147483647;
			files = (
				280CB5F32A67DF3C00A0019C /* DisplayWeatherData.swift in Sources */,
				28CC00F02A5F901700EA1C3B /* SelectViewModel.swift in Sources */,
				28432C5D2A562B0A00C9A12E /* AppDelegate.swift in Sources */,
				28302C9C2A5648FC001FAD42 /* DetailViewController.swift in Sources */,
				28B1069D2A6A42CE00E2166B /* ReactiveExt.swift in Sources */,
				28302CBF2A568A14001FAD42 /* DetailTableViewCell.swift in Sources */,
				28C28D502A5EAE16000F5B41 /* DetailViewModel.swift in Sources */,
				28432C5F2A562B0A00C9A12E /* SceneDelegate.swift in Sources */,
				28302CA02A56491D001FAD42 /* SelectViewController.swift in Sources */,
				28302C982A5648C9001FAD42 /* HomeViewController.swift in Sources */,
				28B1069B2A6A427800E2166B /* TimeIntervarExt.swift in Sources */,
				28D0DF6D2A60DFF400139746 /* HomeViewModel.swift in Sources */,
				28302CAF2A565F52001FAD42 /* SplashViewContorller.swift in Sources */,
				280CB5EF2A679C9200A0019C /* SectionWeatherData.swift in Sources */,
				28CC00EE2A5F7DA500EA1C3B /* APICaller.swift in Sources */,
				28C780BA2A57CD6400A69B02 /* WeatherData.swift in Sources */,
				28302CBB2A568292001FAD42 /* SelectTableViewCell.swift in Sources */,
			);
			runOnlyForDeploymentPostprocessing = 0;
		};
		28432C6B2A562B0B00C9A12E /* Sources */ = {
			isa = PBXSourcesBuildPhase;
			buildActionMask = 2147483647;
			files = (
				28432C742A562B0B00C9A12E /* WeatherApp_MVVMTests.swift in Sources */,
			);
			runOnlyForDeploymentPostprocessing = 0;
		};
		28432C752A562B0B00C9A12E /* Sources */ = {
			isa = PBXSourcesBuildPhase;
			buildActionMask = 2147483647;
			files = (
				28432C7E2A562B0B00C9A12E /* WeatherApp_MVVMUITests.swift in Sources */,
				28432C802A562B0B00C9A12E /* WeatherApp_MVVMUITestsLaunchTests.swift in Sources */,
			);
			runOnlyForDeploymentPostprocessing = 0;
		};
/* End PBXSourcesBuildPhase section */

/* Begin PBXTargetDependency section */
		28432C712A562B0B00C9A12E /* PBXTargetDependency */ = {
			isa = PBXTargetDependency;
			target = 28432C582A562B0A00C9A12E /* WeatherApp-MVVM */;
			targetProxy = 28432C702A562B0B00C9A12E /* PBXContainerItemProxy */;
		};
		28432C7B2A562B0B00C9A12E /* PBXTargetDependency */ = {
			isa = PBXTargetDependency;
			target = 28432C582A562B0A00C9A12E /* WeatherApp-MVVM */;
			targetProxy = 28432C7A2A562B0B00C9A12E /* PBXContainerItemProxy */;
		};
/* End PBXTargetDependency section */

/* Begin XCBuildConfiguration section */
		28432C812A562B0B00C9A12E /* Debug */ = {
			isa = XCBuildConfiguration;
			buildSettings = {
				ALWAYS_SEARCH_USER_PATHS = NO;
				CLANG_ANALYZER_NONNULL = YES;
				CLANG_ANALYZER_NUMBER_OBJECT_CONVERSION = YES_AGGRESSIVE;
				CLANG_CXX_LANGUAGE_STANDARD = "gnu++20";
				CLANG_ENABLE_MODULES = YES;
				CLANG_ENABLE_OBJC_ARC = YES;
				CLANG_ENABLE_OBJC_WEAK = YES;
				CLANG_WARN_BLOCK_CAPTURE_AUTORELEASING = YES;
				CLANG_WARN_BOOL_CONVERSION = YES;
				CLANG_WARN_COMMA = YES;
				CLANG_WARN_CONSTANT_CONVERSION = YES;
				CLANG_WARN_DEPRECATED_OBJC_IMPLEMENTATIONS = YES;
				CLANG_WARN_DIRECT_OBJC_ISA_USAGE = YES_ERROR;
				CLANG_WARN_DOCUMENTATION_COMMENTS = YES;
				CLANG_WARN_EMPTY_BODY = YES;
				CLANG_WARN_ENUM_CONVERSION = YES;
				CLANG_WARN_INFINITE_RECURSION = YES;
				CLANG_WARN_INT_CONVERSION = YES;
				CLANG_WARN_NON_LITERAL_NULL_CONVERSION = YES;
				CLANG_WARN_OBJC_IMPLICIT_RETAIN_SELF = YES;
				CLANG_WARN_OBJC_LITERAL_CONVERSION = YES;
				CLANG_WARN_OBJC_ROOT_CLASS = YES_ERROR;
				CLANG_WARN_QUOTED_INCLUDE_IN_FRAMEWORK_HEADER = YES;
				CLANG_WARN_RANGE_LOOP_ANALYSIS = YES;
				CLANG_WARN_STRICT_PROTOTYPES = YES;
				CLANG_WARN_SUSPICIOUS_MOVE = YES;
				CLANG_WARN_UNGUARDED_AVAILABILITY = YES_AGGRESSIVE;
				CLANG_WARN_UNREACHABLE_CODE = YES;
				CLANG_WARN__DUPLICATE_METHOD_MATCH = YES;
				COPY_PHASE_STRIP = NO;
				DEBUG_INFORMATION_FORMAT = dwarf;
				ENABLE_STRICT_OBJC_MSGSEND = YES;
				ENABLE_TESTABILITY = YES;
				GCC_C_LANGUAGE_STANDARD = gnu11;
				GCC_DYNAMIC_NO_PIC = NO;
				GCC_NO_COMMON_BLOCKS = YES;
				GCC_OPTIMIZATION_LEVEL = 0;
				GCC_PREPROCESSOR_DEFINITIONS = (
					"DEBUG=1",
					"$(inherited)",
				);
				GCC_WARN_64_TO_32_BIT_CONVERSION = YES;
				GCC_WARN_ABOUT_RETURN_TYPE = YES_ERROR;
				GCC_WARN_UNDECLARED_SELECTOR = YES;
				GCC_WARN_UNINITIALIZED_AUTOS = YES_AGGRESSIVE;
				GCC_WARN_UNUSED_FUNCTION = YES;
				GCC_WARN_UNUSED_VARIABLE = YES;
				IPHONEOS_DEPLOYMENT_TARGET = 16.4;
				MTL_ENABLE_DEBUG_INFO = INCLUDE_SOURCE;
				MTL_FAST_MATH = YES;
				ONLY_ACTIVE_ARCH = YES;
				SDKROOT = iphoneos;
				SWIFT_ACTIVE_COMPILATION_CONDITIONS = DEBUG;
				SWIFT_OPTIMIZATION_LEVEL = "-Onone";
			};
			name = Debug;
		};
		28432C822A562B0B00C9A12E /* Release */ = {
			isa = XCBuildConfiguration;
			buildSettings = {
				ALWAYS_SEARCH_USER_PATHS = NO;
				CLANG_ANALYZER_NONNULL = YES;
				CLANG_ANALYZER_NUMBER_OBJECT_CONVERSION = YES_AGGRESSIVE;
				CLANG_CXX_LANGUAGE_STANDARD = "gnu++20";
				CLANG_ENABLE_MODULES = YES;
				CLANG_ENABLE_OBJC_ARC = YES;
				CLANG_ENABLE_OBJC_WEAK = YES;
				CLANG_WARN_BLOCK_CAPTURE_AUTORELEASING = YES;
				CLANG_WARN_BOOL_CONVERSION = YES;
				CLANG_WARN_COMMA = YES;
				CLANG_WARN_CONSTANT_CONVERSION = YES;
				CLANG_WARN_DEPRECATED_OBJC_IMPLEMENTATIONS = YES;
				CLANG_WARN_DIRECT_OBJC_ISA_USAGE = YES_ERROR;
				CLANG_WARN_DOCUMENTATION_COMMENTS = YES;
				CLANG_WARN_EMPTY_BODY = YES;
				CLANG_WARN_ENUM_CONVERSION = YES;
				CLANG_WARN_INFINITE_RECURSION = YES;
				CLANG_WARN_INT_CONVERSION = YES;
				CLANG_WARN_NON_LITERAL_NULL_CONVERSION = YES;
				CLANG_WARN_OBJC_IMPLICIT_RETAIN_SELF = YES;
				CLANG_WARN_OBJC_LITERAL_CONVERSION = YES;
				CLANG_WARN_OBJC_ROOT_CLASS = YES_ERROR;
				CLANG_WARN_QUOTED_INCLUDE_IN_FRAMEWORK_HEADER = YES;
				CLANG_WARN_RANGE_LOOP_ANALYSIS = YES;
				CLANG_WARN_STRICT_PROTOTYPES = YES;
				CLANG_WARN_SUSPICIOUS_MOVE = YES;
				CLANG_WARN_UNGUARDED_AVAILABILITY = YES_AGGRESSIVE;
				CLANG_WARN_UNREACHABLE_CODE = YES;
				CLANG_WARN__DUPLICATE_METHOD_MATCH = YES;
				COPY_PHASE_STRIP = NO;
				DEBUG_INFORMATION_FORMAT = "dwarf-with-dsym";
				ENABLE_NS_ASSERTIONS = NO;
				ENABLE_STRICT_OBJC_MSGSEND = YES;
				GCC_C_LANGUAGE_STANDARD = gnu11;
				GCC_NO_COMMON_BLOCKS = YES;
				GCC_WARN_64_TO_32_BIT_CONVERSION = YES;
				GCC_WARN_ABOUT_RETURN_TYPE = YES_ERROR;
				GCC_WARN_UNDECLARED_SELECTOR = YES;
				GCC_WARN_UNINITIALIZED_AUTOS = YES_AGGRESSIVE;
				GCC_WARN_UNUSED_FUNCTION = YES;
				GCC_WARN_UNUSED_VARIABLE = YES;
				IPHONEOS_DEPLOYMENT_TARGET = 16.4;
				MTL_ENABLE_DEBUG_INFO = NO;
				MTL_FAST_MATH = YES;
				SDKROOT = iphoneos;
				SWIFT_COMPILATION_MODE = wholemodule;
				SWIFT_OPTIMIZATION_LEVEL = "-O";
				VALIDATE_PRODUCT = YES;
			};
			name = Release;
		};
		28432C842A562B0B00C9A12E /* Debug */ = {
			isa = XCBuildConfiguration;
			buildSettings = {
				ASSETCATALOG_COMPILER_APPICON_NAME = AppIcon;
				ASSETCATALOG_COMPILER_GLOBAL_ACCENT_COLOR_NAME = AccentColor;
				CODE_SIGN_STYLE = Automatic;
				CURRENT_PROJECT_VERSION = 1;
				GENERATE_INFOPLIST_FILE = YES;
				INFOPLIST_FILE = "WeatherApp-MVVM/Info.plist";
				INFOPLIST_KEY_UIApplicationSupportsIndirectInputEvents = YES;
				INFOPLIST_KEY_UILaunchStoryboardName = LaunchScreen;
				INFOPLIST_KEY_UISupportedInterfaceOrientations_iPad = "UIInterfaceOrientationPortrait UIInterfaceOrientationPortraitUpsideDown UIInterfaceOrientationLandscapeLeft UIInterfaceOrientationLandscapeRight";
				INFOPLIST_KEY_UISupportedInterfaceOrientations_iPhone = "UIInterfaceOrientationPortrait UIInterfaceOrientationLandscapeLeft UIInterfaceOrientationLandscapeRight";
				LD_RUNPATH_SEARCH_PATHS = (
					"$(inherited)",
					"@executable_path/Frameworks",
				);
				MARKETING_VERSION = 1.0;
				PRODUCT_BUNDLE_IDENTIFIER = "yusuke.ogiso.WeatherApp-MVVM";
				PRODUCT_NAME = "$(TARGET_NAME)";
				SWIFT_EMIT_LOC_STRINGS = YES;
				SWIFT_VERSION = 5.0;
				TARGETED_DEVICE_FAMILY = "1,2";
			};
			name = Debug;
		};
		28432C852A562B0B00C9A12E /* Release */ = {
			isa = XCBuildConfiguration;
			buildSettings = {
				ASSETCATALOG_COMPILER_APPICON_NAME = AppIcon;
				ASSETCATALOG_COMPILER_GLOBAL_ACCENT_COLOR_NAME = AccentColor;
				CODE_SIGN_STYLE = Automatic;
				CURRENT_PROJECT_VERSION = 1;
				GENERATE_INFOPLIST_FILE = YES;
				INFOPLIST_FILE = "WeatherApp-MVVM/Info.plist";
				INFOPLIST_KEY_UIApplicationSupportsIndirectInputEvents = YES;
				INFOPLIST_KEY_UILaunchStoryboardName = LaunchScreen;
				INFOPLIST_KEY_UISupportedInterfaceOrientations_iPad = "UIInterfaceOrientationPortrait UIInterfaceOrientationPortraitUpsideDown UIInterfaceOrientationLandscapeLeft UIInterfaceOrientationLandscapeRight";
				INFOPLIST_KEY_UISupportedInterfaceOrientations_iPhone = "UIInterfaceOrientationPortrait UIInterfaceOrientationLandscapeLeft UIInterfaceOrientationLandscapeRight";
				LD_RUNPATH_SEARCH_PATHS = (
					"$(inherited)",
					"@executable_path/Frameworks",
				);
				MARKETING_VERSION = 1.0;
				PRODUCT_BUNDLE_IDENTIFIER = "yusuke.ogiso.WeatherApp-MVVM";
				PRODUCT_NAME = "$(TARGET_NAME)";
				SWIFT_EMIT_LOC_STRINGS = YES;
				SWIFT_VERSION = 5.0;
				TARGETED_DEVICE_FAMILY = "1,2";
			};
			name = Release;
		};
		28432C872A562B0B00C9A12E /* Debug */ = {
			isa = XCBuildConfiguration;
			buildSettings = {
				ALWAYS_EMBED_SWIFT_STANDARD_LIBRARIES = YES;
				BUNDLE_LOADER = "$(TEST_HOST)";
				CODE_SIGN_STYLE = Automatic;
				CURRENT_PROJECT_VERSION = 1;
				GENERATE_INFOPLIST_FILE = YES;
				IPHONEOS_DEPLOYMENT_TARGET = 16.4;
				MARKETING_VERSION = 1.0;
				PRODUCT_BUNDLE_IDENTIFIER = "yusuke.ogiso.WeatherApp-MVVMTests";
				PRODUCT_NAME = "$(TARGET_NAME)";
				SWIFT_EMIT_LOC_STRINGS = NO;
				SWIFT_VERSION = 5.0;
				TARGETED_DEVICE_FAMILY = "1,2";
				TEST_HOST = "$(BUILT_PRODUCTS_DIR)/WeatherApp-MVVM.app/$(BUNDLE_EXECUTABLE_FOLDER_PATH)/WeatherApp-MVVM";
			};
			name = Debug;
		};
		28432C882A562B0B00C9A12E /* Release */ = {
			isa = XCBuildConfiguration;
			buildSettings = {
				ALWAYS_EMBED_SWIFT_STANDARD_LIBRARIES = YES;
				BUNDLE_LOADER = "$(TEST_HOST)";
				CODE_SIGN_STYLE = Automatic;
				CURRENT_PROJECT_VERSION = 1;
				GENERATE_INFOPLIST_FILE = YES;
				IPHONEOS_DEPLOYMENT_TARGET = 16.4;
				MARKETING_VERSION = 1.0;
				PRODUCT_BUNDLE_IDENTIFIER = "yusuke.ogiso.WeatherApp-MVVMTests";
				PRODUCT_NAME = "$(TARGET_NAME)";
				SWIFT_EMIT_LOC_STRINGS = NO;
				SWIFT_VERSION = 5.0;
				TARGETED_DEVICE_FAMILY = "1,2";
				TEST_HOST = "$(BUILT_PRODUCTS_DIR)/WeatherApp-MVVM.app/$(BUNDLE_EXECUTABLE_FOLDER_PATH)/WeatherApp-MVVM";
			};
			name = Release;
		};
		28432C8A2A562B0B00C9A12E /* Debug */ = {
			isa = XCBuildConfiguration;
			buildSettings = {
				ALWAYS_EMBED_SWIFT_STANDARD_LIBRARIES = YES;
				CODE_SIGN_STYLE = Automatic;
				CURRENT_PROJECT_VERSION = 1;
				GENERATE_INFOPLIST_FILE = YES;
				MARKETING_VERSION = 1.0;
				PRODUCT_BUNDLE_IDENTIFIER = "yusuke.ogiso.WeatherApp-MVVMUITests";
				PRODUCT_NAME = "$(TARGET_NAME)";
				SWIFT_EMIT_LOC_STRINGS = NO;
				SWIFT_VERSION = 5.0;
				TARGETED_DEVICE_FAMILY = "1,2";
				TEST_TARGET_NAME = "WeatherApp-MVVM";
			};
			name = Debug;
		};
		28432C8B2A562B0B00C9A12E /* Release */ = {
			isa = XCBuildConfiguration;
			buildSettings = {
				ALWAYS_EMBED_SWIFT_STANDARD_LIBRARIES = YES;
				CODE_SIGN_STYLE = Automatic;
				CURRENT_PROJECT_VERSION = 1;
				GENERATE_INFOPLIST_FILE = YES;
				MARKETING_VERSION = 1.0;
				PRODUCT_BUNDLE_IDENTIFIER = "yusuke.ogiso.WeatherApp-MVVMUITests";
				PRODUCT_NAME = "$(TARGET_NAME)";
				SWIFT_EMIT_LOC_STRINGS = NO;
				SWIFT_VERSION = 5.0;
				TARGETED_DEVICE_FAMILY = "1,2";
				TEST_TARGET_NAME = "WeatherApp-MVVM";
			};
			name = Release;
		};
/* End XCBuildConfiguration section */

/* Begin XCConfigurationList section */
		28432C542A562B0A00C9A12E /* Build configuration list for PBXProject "WeatherApp-MVVM" */ = {
			isa = XCConfigurationList;
			buildConfigurations = (
				28432C812A562B0B00C9A12E /* Debug */,
				28432C822A562B0B00C9A12E /* Release */,
			);
			defaultConfigurationIsVisible = 0;
			defaultConfigurationName = Release;
		};
		28432C832A562B0B00C9A12E /* Build configuration list for PBXNativeTarget "WeatherApp-MVVM" */ = {
			isa = XCConfigurationList;
			buildConfigurations = (
				28432C842A562B0B00C9A12E /* Debug */,
				28432C852A562B0B00C9A12E /* Release */,
			);
			defaultConfigurationIsVisible = 0;
			defaultConfigurationName = Release;
		};
		28432C862A562B0B00C9A12E /* Build configuration list for PBXNativeTarget "WeatherApp-MVVMTests" */ = {
			isa = XCConfigurationList;
			buildConfigurations = (
				28432C872A562B0B00C9A12E /* Debug */,
				28432C882A562B0B00C9A12E /* Release */,
			);
			defaultConfigurationIsVisible = 0;
			defaultConfigurationName = Release;
		};
		28432C892A562B0B00C9A12E /* Build configuration list for PBXNativeTarget "WeatherApp-MVVMUITests" */ = {
			isa = XCConfigurationList;
			buildConfigurations = (
				28432C8A2A562B0B00C9A12E /* Debug */,
				28432C8B2A562B0B00C9A12E /* Release */,
			);
			defaultConfigurationIsVisible = 0;
			defaultConfigurationName = Release;
		};
/* End XCConfigurationList section */

/* Begin XCRemoteSwiftPackageReference section */
		280CB5EB2A676DC700A0019C /* XCRemoteSwiftPackageReference "Alamofire" */ = {
			isa = XCRemoteSwiftPackageReference;
			repositoryURL = "https://github.com/Alamofire/Alamofire";
			requirement = {
				kind = upToNextMajorVersion;
				minimumVersion = 5.0.0;
			};
		};
		28B106892A68272200E2166B /* XCRemoteSwiftPackageReference "AlamofireImage" */ = {
			isa = XCRemoteSwiftPackageReference;
			repositoryURL = "https://github.com/Alamofire/AlamofireImage";
			requirement = {
				kind = upToNextMajorVersion;
				minimumVersion = 4.0.0;
			};
		};
		28B106962A6A26D500E2166B /* XCRemoteSwiftPackageReference "Charts" */ = {
			isa = XCRemoteSwiftPackageReference;
			repositoryURL = "https://github.com/danielgindi/Charts";
			requirement = {
				kind = upToNextMajorVersion;
				minimumVersion = 5.0.0;
			};
		};
		28BB073F2A601B670026AD24 /* XCRemoteSwiftPackageReference "RxDataSources" */ = {
			isa = XCRemoteSwiftPackageReference;
			repositoryURL = "https://github.com/RxSwiftCommunity/RxDataSources";
			requirement = {
				kind = upToNextMajorVersion;
				minimumVersion = 5.0.0;
			};
		};
		28C780B22A57976300A69B02 /* XCRemoteSwiftPackageReference "RxSwift" */ = {
			isa = XCRemoteSwiftPackageReference;
			repositoryURL = "https://github.com/ReactiveX/RxSwift";
			requirement = {
				kind = upToNextMajorVersion;
				minimumVersion = 6.0.0;
			};
		};
		28D0DF6E2A60ECBD00139746 /* XCRemoteSwiftPackageReference "RxCoreLocation" */ = {
			isa = XCRemoteSwiftPackageReference;
			repositoryURL = "https://github.com/RxSwiftCommunity/RxCoreLocation";
			requirement = {
				kind = upToNextMajorVersion;
				minimumVersion = 1.0.0;
			};
		};
/* End XCRemoteSwiftPackageReference section */

/* Begin XCSwiftPackageProductDependency section */
		280CB5EC2A676DC700A0019C /* Alamofire */ = {
			isa = XCSwiftPackageProductDependency;
			package = 280CB5EB2A676DC700A0019C /* XCRemoteSwiftPackageReference "Alamofire" */;
			productName = Alamofire;
		};
		28B1068A2A68272200E2166B /* AlamofireImage */ = {
			isa = XCSwiftPackageProductDependency;
			package = 28B106892A68272200E2166B /* XCRemoteSwiftPackageReference "AlamofireImage" */;
			productName = AlamofireImage;
		};
		28B106972A6A26D500E2166B /* DGCharts */ = {
			isa = XCSwiftPackageProductDependency;
			package = 28B106962A6A26D500E2166B /* XCRemoteSwiftPackageReference "Charts" */;
			productName = DGCharts;
		};
		28BB07402A601B670026AD24 /* RxDataSources */ = {
			isa = XCSwiftPackageProductDependency;
			package = 28BB073F2A601B670026AD24 /* XCRemoteSwiftPackageReference "RxDataSources" */;
			productName = RxDataSources;
		};
		28C780B32A57976300A69B02 /* RxCocoa */ = {
			isa = XCSwiftPackageProductDependency;
			package = 28C780B22A57976300A69B02 /* XCRemoteSwiftPackageReference "RxSwift" */;
			productName = RxCocoa;
		};
		28C780B52A57976300A69B02 /* RxRelay */ = {
			isa = XCSwiftPackageProductDependency;
			package = 28C780B22A57976300A69B02 /* XCRemoteSwiftPackageReference "RxSwift" */;
			productName = RxRelay;
		};
		28C780B72A57976300A69B02 /* RxSwift */ = {
			isa = XCSwiftPackageProductDependency;
			package = 28C780B22A57976300A69B02 /* XCRemoteSwiftPackageReference "RxSwift" */;
			productName = RxSwift;
		};
		28D0DF6F2A60ECBD00139746 /* RxCoreLocation */ = {
			isa = XCSwiftPackageProductDependency;
			package = 28D0DF6E2A60ECBD00139746 /* XCRemoteSwiftPackageReference "RxCoreLocation" */;
			productName = RxCoreLocation;
		};
/* End XCSwiftPackageProductDependency section */
	};
	rootObject = 28432C512A562B0A00C9A12E /* Project object */;
}
